
Microsoft Visual Studio Solution File, Format Version 12.00
# Visual Studio 15
VisualStudioVersion = 15.0.27703.2042
MinimumVisualStudioVersion = 10.0.40219.1
Project("{FAE04EC0-301F-11D3-BF4B-00C04F79EFBC}") = "CodingTests", "CodingTests.csproj", "{078B26E5-094D-4690-8CBC-05EB55349930}"
EndProject
Project("{FAE04EC0-301F-11D3-BF4B-00C04F79EFBC}") = "ExchangeRates", "..\ExchangeRates\ExchangeRates.csproj", "{10832AF6-5AE0-4A7F-A00E-7797DF6B6060}"
EndProject
Global
	GlobalSection(SolutionConfigurationPlatforms) = preSolution
		Debug|Any CPU = Debug|Any CPU
		Release|Any CPU = Release|Any CPU
	EndGlobalSection
	GlobalSection(ProjectConfigurationPlatforms) = postSolution
		{078B26E5-094D-4690-8CBC-05EB55349930}.Debug|Any CPU.ActiveCfg = Debug|Any CPU
		{078B26E5-094D-4690-8CBC-05EB55349930}.Debug|Any CPU.Build.0 = Debug|Any CPU
		{078B26E5-094D-4690-8CBC-05EB55349930}.Release|Any CPU.ActiveCfg = Release|Any CPU
		{078B26E5-094D-4690-8CBC-05EB55349930}.Release|Any CPU.Build.0 = Release|Any CPU
		{10832AF6-5AE0-4A7F-A00E-7797DF6B6060}.Debug|Any CPU.ActiveCfg = Debug|Any CPU
		{10832AF6-5AE0-4A7F-A00E-7797DF6B6060}.Debug|Any CPU.Build.0 = Debug|Any CPU
		{10832AF6-5AE0-4A7F-A00E-7797DF6B6060}.Release|Any CPU.ActiveCfg = Release|Any CPU
		{10832AF6-5AE0-4A7F-A00E-7797DF6B6060}.Release|Any CPU.Build.0 = Release|Any CPU
	EndGlobalSection
	GlobalSection(SolutionProperties) = preSolution
		HideSolutionNode = FALSE
	EndGlobalSection
	GlobalSection(ExtensibilityGlobals) = postSolution
		SolutionGuid = {A25549B1-895C-47E4-A349-6F518F95E03D}
	EndGlobalSection
EndGlobal
